
Microsoft Visual Studio Solution File, Format Version 12.00
Project("{FAE04EC0-301F-11D3-BF4B-00C04F79EFBC}") = "pattern1", "pattern1\pattern1.csproj", "{7C7D72D3-4EB7-4738-95CA-8353657C9B80}"
EndProject
Global
	GlobalSection(SolutionConfigurationPlatforms) = preSolution
		Debug|Any CPU = Debug|Any CPU
		Release|Any CPU = Release|Any CPU
	EndGlobalSection
	GlobalSection(ProjectConfigurationPlatforms) = postSolution
		{7C7D72D3-4EB7-4738-95CA-8353657C9B80}.Debug|Any CPU.ActiveCfg = Debug|Any CPU
		{7C7D72D3-4EB7-4738-95CA-8353657C9B80}.Debug|Any CPU.Build.0 = Debug|Any CPU
		{7C7D72D3-4EB7-4738-95CA-8353657C9B80}.Release|Any CPU.ActiveCfg = Release|Any CPU
		{7C7D72D3-4EB7-4738-95CA-8353657C9B80}.Release|Any CPU.Build.0 = Release|Any CPU
	EndGlobalSection
EndGlobal
