
Microsoft Visual Studio Solution File, Format Version 12.00
Project("{FAE04EC0-301F-11D3-BF4B-00C04F79EFBC}") = "Student", "Student\Student.csproj", "{B8A21042-A965-4B73-85FD-A0BFEA6F5543}"
EndProject
Global
	GlobalSection(SolutionConfigurationPlatforms) = preSolution
		Debug|Any CPU = Debug|Any CPU
		Release|Any CPU = Release|Any CPU
	EndGlobalSection
	GlobalSection(ProjectConfigurationPlatforms) = postSolution
		{B8A21042-A965-4B73-85FD-A0BFEA6F5543}.Debug|Any CPU.ActiveCfg = Debug|Any CPU
		{B8A21042-A965-4B73-85FD-A0BFEA6F5543}.Debug|Any CPU.Build.0 = Debug|Any CPU
		{B8A21042-A965-4B73-85FD-A0BFEA6F5543}.Release|Any CPU.ActiveCfg = Release|Any CPU
		{B8A21042-A965-4B73-85FD-A0BFEA6F5543}.Release|Any CPU.Build.0 = Release|Any CPU
	EndGlobalSection
EndGlobal
