
Microsoft Visual Studio Solution File, Format Version 12.00
Project("{FAE04EC0-301F-11D3-BF4B-00C04F79EFBC}") = "SumofEandO", "SumofEandO\SumofEandO.csproj", "{29F0091A-3366-4323-88F1-12A6B20BF58C}"
EndProject
Global
	GlobalSection(SolutionConfigurationPlatforms) = preSolution
		Debug|Any CPU = Debug|Any CPU
		Release|Any CPU = Release|Any CPU
	EndGlobalSection
	GlobalSection(ProjectConfigurationPlatforms) = postSolution
		{29F0091A-3366-4323-88F1-12A6B20BF58C}.Debug|Any CPU.ActiveCfg = Debug|Any CPU
		{29F0091A-3366-4323-88F1-12A6B20BF58C}.Debug|Any CPU.Build.0 = Debug|Any CPU
		{29F0091A-3366-4323-88F1-12A6B20BF58C}.Release|Any CPU.ActiveCfg = Release|Any CPU
		{29F0091A-3366-4323-88F1-12A6B20BF58C}.Release|Any CPU.Build.0 = Release|Any CPU
	EndGlobalSection
EndGlobal
