
Microsoft Visual Studio Solution File, Format Version 12.00
Project("{FAE04EC0-301F-11D3-BF4B-00C04F79EFBC}") = "pattern3", "pattern3\pattern3.csproj", "{BE0DD5A1-E77D-4AE6-92F7-CC75F2975BFE}"
EndProject
Global
	GlobalSection(SolutionConfigurationPlatforms) = preSolution
		Debug|Any CPU = Debug|Any CPU
		Release|Any CPU = Release|Any CPU
	EndGlobalSection
	GlobalSection(ProjectConfigurationPlatforms) = postSolution
		{BE0DD5A1-E77D-4AE6-92F7-CC75F2975BFE}.Debug|Any CPU.ActiveCfg = Debug|Any CPU
		{BE0DD5A1-E77D-4AE6-92F7-CC75F2975BFE}.Debug|Any CPU.Build.0 = Debug|Any CPU
		{BE0DD5A1-E77D-4AE6-92F7-CC75F2975BFE}.Release|Any CPU.ActiveCfg = Release|Any CPU
		{BE0DD5A1-E77D-4AE6-92F7-CC75F2975BFE}.Release|Any CPU.Build.0 = Release|Any CPU
	EndGlobalSection
EndGlobal
